// !$*UTF8*$!
{
	archiveVersion = 1;
	classes = {
	};
	objectVersion = 46;
	objects = {

/* Begin PBXBuildFile section */
		82656C0A1C5D7CD300B12605 /* AppDelegate.swift in Sources */ = {isa = PBXBuildFile; fileRef = 82656C091C5D7CD300B12605 /* AppDelegate.swift */; };
		82656C0C1C5D7CD300B12605 /* ViewController.swift in Sources */ = {isa = PBXBuildFile; fileRef = 82656C0B1C5D7CD300B12605 /* ViewController.swift */; };
		82656C0F1C5D7CD300B12605 /* Main.storyboard in Resources */ = {isa = PBXBuildFile; fileRef = 82656C0D1C5D7CD300B12605 /* Main.storyboard */; };
		82656C121C5D7CD400B12605 /* WaterSavingHackathon.xcdatamodeld in Sources */ = {isa = PBXBuildFile; fileRef = 82656C101C5D7CD400B12605 /* WaterSavingHackathon.xcdatamodeld */; };
		82656C141C5D7CD400B12605 /* Assets.xcassets in Resources */ = {isa = PBXBuildFile; fileRef = 82656C131C5D7CD400B12605 /* Assets.xcassets */; };
		82656C171C5D7CD400B12605 /* LaunchScreen.storyboard in Resources */ = {isa = PBXBuildFile; fileRef = 82656C151C5D7CD400B12605 /* LaunchScreen.storyboard */; };
		82656C221C5D7CD400B12605 /* WaterSavingHackathonTests.swift in Sources */ = {isa = PBXBuildFile; fileRef = 82656C211C5D7CD400B12605 /* WaterSavingHackathonTests.swift */; };
		82656C2D1C5D7CD400B12605 /* WaterSavingHackathonUITests.swift in Sources */ = {isa = PBXBuildFile; fileRef = 82656C2C1C5D7CD400B12605 /* WaterSavingHackathonUITests.swift */; };
		8284B8521C5D98DC00DCA650 /* Bolts.framework in Frameworks */ = {isa = PBXBuildFile; fileRef = 8284B84C1C5D98DC00DCA650 /* Bolts.framework */; };
		8284B8531C5D98DC00DCA650 /* Parse.framework in Frameworks */ = {isa = PBXBuildFile; fileRef = 8284B84D1C5D98DC00DCA650 /* Parse.framework */; };
		8284B8541C5D98DC00DCA650 /* ParseFacebookUtils.framework in Frameworks */ = {isa = PBXBuildFile; fileRef = 8284B84E1C5D98DC00DCA650 /* ParseFacebookUtils.framework */; };
		8284B8551C5D98DC00DCA650 /* ParseFacebookUtilsV4.framework in Frameworks */ = {isa = PBXBuildFile; fileRef = 8284B84F1C5D98DC00DCA650 /* ParseFacebookUtilsV4.framework */; };
		8284B8561C5D98DC00DCA650 /* ParseTwitterUtils.framework in Frameworks */ = {isa = PBXBuildFile; fileRef = 8284B8501C5D98DC00DCA650 /* ParseTwitterUtils.framework */; };
		8284B8571C5D98DC00DCA650 /* ParseUI.framework in Frameworks */ = {isa = PBXBuildFile; fileRef = 8284B8511C5D98DC00DCA650 /* ParseUI.framework */; };
		8284B8591C5D990C00DCA650 /* Accounts.framework in Frameworks */ = {isa = PBXBuildFile; fileRef = 8284B8581C5D990C00DCA650 /* Accounts.framework */; };
		8284B85B1C5D991300DCA650 /* AudioToolbox.framework in Frameworks */ = {isa = PBXBuildFile; fileRef = 8284B85A1C5D991300DCA650 /* AudioToolbox.framework */; };
		8284B85D1C5D991A00DCA650 /* CFNetwork.framework in Frameworks */ = {isa = PBXBuildFile; fileRef = 8284B85C1C5D991A00DCA650 /* CFNetwork.framework */; };
		8284B85F1C5D992000DCA650 /* CoreGraphics.framework in Frameworks */ = {isa = PBXBuildFile; fileRef = 8284B85E1C5D992000DCA650 /* CoreGraphics.framework */; };
		8284B8611C5D992700DCA650 /* CoreLocation.framework in Frameworks */ = {isa = PBXBuildFile; fileRef = 8284B8601C5D992700DCA650 /* CoreLocation.framework */; };
		8284B8631C5D992D00DCA650 /* QuartzCore.framework in Frameworks */ = {isa = PBXBuildFile; fileRef = 8284B8621C5D992D00DCA650 /* QuartzCore.framework */; };
		8284B8651C5D993300DCA650 /* Security.framework in Frameworks */ = {isa = PBXBuildFile; fileRef = 8284B8641C5D993300DCA650 /* Security.framework */; };
		8284B8671C5D993A00DCA650 /* Social.framework in Frameworks */ = {isa = PBXBuildFile; fileRef = 8284B8661C5D993A00DCA650 /* Social.framework */; };
		8284B8691C5D993F00DCA650 /* StoreKit.framework in Frameworks */ = {isa = PBXBuildFile; fileRef = 8284B8681C5D993F00DCA650 /* StoreKit.framework */; };
		8284B86B1C5D994700DCA650 /* SystemConfiguration.framework in Frameworks */ = {isa = PBXBuildFile; fileRef = 8284B86A1C5D994700DCA650 /* SystemConfiguration.framework */; };
		8284B86D1C5D994E00DCA650 /* libz.tbd in Frameworks */ = {isa = PBXBuildFile; fileRef = 8284B86C1C5D994E00DCA650 /* libz.tbd */; };
		8284B86F1C5D995500DCA650 /* libsqlite3.tbd in Frameworks */ = {isa = PBXBuildFile; fileRef = 8284B86E1C5D995500DCA650 /* libsqlite3.tbd */; };
/* End PBXBuildFile section */

/* Begin PBXContainerItemProxy section */
		82656C1E1C5D7CD400B12605 /* PBXContainerItemProxy */ = {
			isa = PBXContainerItemProxy;
			containerPortal = 82656BFE1C5D7CD300B12605 /* Project object */;
			proxyType = 1;
			remoteGlobalIDString = 82656C051C5D7CD300B12605;
			remoteInfo = WaterSavingHackathon;
		};
		82656C291C5D7CD400B12605 /* PBXContainerItemProxy */ = {
			isa = PBXContainerItemProxy;
			containerPortal = 82656BFE1C5D7CD300B12605 /* Project object */;
			proxyType = 1;
			remoteGlobalIDString = 82656C051C5D7CD300B12605;
			remoteInfo = WaterSavingHackathon;
		};
/* End PBXContainerItemProxy section */

/* Begin PBXFileReference section */
		82656C061C5D7CD300B12605 /* WaterSavingHackathon.app */ = {isa = PBXFileReference; explicitFileType = wrapper.application; includeInIndex = 0; path = WaterSavingHackathon.app; sourceTree = BUILT_PRODUCTS_DIR; };
		82656C091C5D7CD300B12605 /* AppDelegate.swift */ = {isa = PBXFileReference; lastKnownFileType = sourcecode.swift; path = AppDelegate.swift; sourceTree = "<group>"; };
		82656C0B1C5D7CD300B12605 /* ViewController.swift */ = {isa = PBXFileReference; lastKnownFileType = sourcecode.swift; path = ViewController.swift; sourceTree = "<group>"; };
		82656C0E1C5D7CD300B12605 /* Base */ = {isa = PBXFileReference; lastKnownFileType = file.storyboard; name = Base; path = Base.lproj/Main.storyboard; sourceTree = "<group>"; };
		82656C111C5D7CD400B12605 /* WaterSavingHackathon.xcdatamodel */ = {isa = PBXFileReference; lastKnownFileType = wrapper.xcdatamodel; path = WaterSavingHackathon.xcdatamodel; sourceTree = "<group>"; };
		82656C131C5D7CD400B12605 /* Assets.xcassets */ = {isa = PBXFileReference; lastKnownFileType = folder.assetcatalog; path = Assets.xcassets; sourceTree = "<group>"; };
		82656C161C5D7CD400B12605 /* Base */ = {isa = PBXFileReference; lastKnownFileType = file.storyboard; name = Base; path = Base.lproj/LaunchScreen.storyboard; sourceTree = "<group>"; };
		82656C181C5D7CD400B12605 /* Info.plist */ = {isa = PBXFileReference; lastKnownFileType = text.plist.xml; path = Info.plist; sourceTree = "<group>"; };
		82656C1D1C5D7CD400B12605 /* WaterSavingHackathonTests.xctest */ = {isa = PBXFileReference; explicitFileType = wrapper.cfbundle; includeInIndex = 0; path = WaterSavingHackathonTests.xctest; sourceTree = BUILT_PRODUCTS_DIR; };
		82656C211C5D7CD400B12605 /* WaterSavingHackathonTests.swift */ = {isa = PBXFileReference; lastKnownFileType = sourcecode.swift; path = WaterSavingHackathonTests.swift; sourceTree = "<group>"; };
		82656C231C5D7CD400B12605 /* Info.plist */ = {isa = PBXFileReference; lastKnownFileType = text.plist.xml; path = Info.plist; sourceTree = "<group>"; };
		82656C281C5D7CD400B12605 /* WaterSavingHackathonUITests.xctest */ = {isa = PBXFileReference; explicitFileType = wrapper.cfbundle; includeInIndex = 0; path = WaterSavingHackathonUITests.xctest; sourceTree = BUILT_PRODUCTS_DIR; };
		82656C2C1C5D7CD400B12605 /* WaterSavingHackathonUITests.swift */ = {isa = PBXFileReference; lastKnownFileType = sourcecode.swift; path = WaterSavingHackathonUITests.swift; sourceTree = "<group>"; };
		82656C2E1C5D7CD400B12605 /* Info.plist */ = {isa = PBXFileReference; lastKnownFileType = text.plist.xml; path = Info.plist; sourceTree = "<group>"; };
		8284B84C1C5D98DC00DCA650 /* Bolts.framework */ = {isa = PBXFileReference; lastKnownFileType = wrapper.framework; path = Bolts.framework; sourceTree = "<group>"; };
		8284B84D1C5D98DC00DCA650 /* Parse.framework */ = {isa = PBXFileReference; lastKnownFileType = wrapper.framework; path = Parse.framework; sourceTree = "<group>"; };
		8284B84E1C5D98DC00DCA650 /* ParseFacebookUtils.framework */ = {isa = PBXFileReference; lastKnownFileType = wrapper.framework; path = ParseFacebookUtils.framework; sourceTree = "<group>"; };
		8284B84F1C5D98DC00DCA650 /* ParseFacebookUtilsV4.framework */ = {isa = PBXFileReference; lastKnownFileType = wrapper.framework; path = ParseFacebookUtilsV4.framework; sourceTree = "<group>"; };
		8284B8501C5D98DC00DCA650 /* ParseTwitterUtils.framework */ = {isa = PBXFileReference; lastKnownFileType = wrapper.framework; path = ParseTwitterUtils.framework; sourceTree = "<group>"; };
		8284B8511C5D98DC00DCA650 /* ParseUI.framework */ = {isa = PBXFileReference; lastKnownFileType = wrapper.framework; path = ParseUI.framework; sourceTree = "<group>"; };
		8284B8581C5D990C00DCA650 /* Accounts.framework */ = {isa = PBXFileReference; lastKnownFileType = wrapper.framework; name = Accounts.framework; path = System/Library/Frameworks/Accounts.framework; sourceTree = SDKROOT; };
		8284B85A1C5D991300DCA650 /* AudioToolbox.framework */ = {isa = PBXFileReference; lastKnownFileType = wrapper.framework; name = AudioToolbox.framework; path = System/Library/Frameworks/AudioToolbox.framework; sourceTree = SDKROOT; };
		8284B85C1C5D991A00DCA650 /* CFNetwork.framework */ = {isa = PBXFileReference; lastKnownFileType = wrapper.framework; name = CFNetwork.framework; path = System/Library/Frameworks/CFNetwork.framework; sourceTree = SDKROOT; };
		8284B85E1C5D992000DCA650 /* CoreGraphics.framework */ = {isa = PBXFileReference; lastKnownFileType = wrapper.framework; name = CoreGraphics.framework; path = System/Library/Frameworks/CoreGraphics.framework; sourceTree = SDKROOT; };
		8284B8601C5D992700DCA650 /* CoreLocation.framework */ = {isa = PBXFileReference; lastKnownFileType = wrapper.framework; name = CoreLocation.framework; path = System/Library/Frameworks/CoreLocation.framework; sourceTree = SDKROOT; };
		8284B8621C5D992D00DCA650 /* QuartzCore.framework */ = {isa = PBXFileReference; lastKnownFileType = wrapper.framework; name = QuartzCore.framework; path = System/Library/Frameworks/QuartzCore.framework; sourceTree = SDKROOT; };
		8284B8641C5D993300DCA650 /* Security.framework */ = {isa = PBXFileReference; lastKnownFileType = wrapper.framework; name = Security.framework; path = System/Library/Frameworks/Security.framework; sourceTree = SDKROOT; };
		8284B8661C5D993A00DCA650 /* Social.framework */ = {isa = PBXFileReference; lastKnownFileType = wrapper.framework; name = Social.framework; path = System/Library/Frameworks/Social.framework; sourceTree = SDKROOT; };
		8284B8681C5D993F00DCA650 /* StoreKit.framework */ = {isa = PBXFileReference; lastKnownFileType = wrapper.framework; name = StoreKit.framework; path = System/Library/Frameworks/StoreKit.framework; sourceTree = SDKROOT; };
		8284B86A1C5D994700DCA650 /* SystemConfiguration.framework */ = {isa = PBXFileReference; lastKnownFileType = wrapper.framework; name = SystemConfiguration.framework; path = System/Library/Frameworks/SystemConfiguration.framework; sourceTree = SDKROOT; };
		8284B86C1C5D994E00DCA650 /* libz.tbd */ = {isa = PBXFileReference; lastKnownFileType = "sourcecode.text-based-dylib-definition"; name = libz.tbd; path = usr/lib/libz.tbd; sourceTree = SDKROOT; };
		8284B86E1C5D995500DCA650 /* libsqlite3.tbd */ = {isa = PBXFileReference; lastKnownFileType = "sourcecode.text-based-dylib-definition"; name = libsqlite3.tbd; path = usr/lib/libsqlite3.tbd; sourceTree = SDKROOT; };
/* End PBXFileReference section */

/* Begin PBXFrameworksBuildPhase section */
		82656C031C5D7CD300B12605 /* Frameworks */ = {
			isa = PBXFrameworksBuildPhase;
			buildActionMask = 2147483647;
			files = (
				8284B86F1C5D995500DCA650 /* libsqlite3.tbd in Frameworks */,
				8284B86D1C5D994E00DCA650 /* libz.tbd in Frameworks */,
				8284B86B1C5D994700DCA650 /* SystemConfiguration.framework in Frameworks */,
				8284B8691C5D993F00DCA650 /* StoreKit.framework in Frameworks */,
				8284B8671C5D993A00DCA650 /* Social.framework in Frameworks */,
				8284B8651C5D993300DCA650 /* Security.framework in Frameworks */,
				8284B8631C5D992D00DCA650 /* QuartzCore.framework in Frameworks */,
				8284B8611C5D992700DCA650 /* CoreLocation.framework in Frameworks */,
				8284B85F1C5D992000DCA650 /* CoreGraphics.framework in Frameworks */,
				8284B85D1C5D991A00DCA650 /* CFNetwork.framework in Frameworks */,
				8284B85B1C5D991300DCA650 /* AudioToolbox.framework in Frameworks */,
				8284B8591C5D990C00DCA650 /* Accounts.framework in Frameworks */,
				8284B8571C5D98DC00DCA650 /* ParseUI.framework in Frameworks */,
				8284B8531C5D98DC00DCA650 /* Parse.framework in Frameworks */,
				8284B8521C5D98DC00DCA650 /* Bolts.framework in Frameworks */,
				8284B8551C5D98DC00DCA650 /* ParseFacebookUtilsV4.framework in Frameworks */,
				8284B8541C5D98DC00DCA650 /* ParseFacebookUtils.framework in Frameworks */,
				8284B8561C5D98DC00DCA650 /* ParseTwitterUtils.framework in Frameworks */,
			);
			runOnlyForDeploymentPostprocessing = 0;
		};
		82656C1A1C5D7CD400B12605 /* Frameworks */ = {
			isa = PBXFrameworksBuildPhase;
			buildActionMask = 2147483647;
			files = (
			);
			runOnlyForDeploymentPostprocessing = 0;
		};
		82656C251C5D7CD400B12605 /* Frameworks */ = {
			isa = PBXFrameworksBuildPhase;
			buildActionMask = 2147483647;
			files = (
			);
			runOnlyForDeploymentPostprocessing = 0;
		};
/* End PBXFrameworksBuildPhase section */

/* Begin PBXGroup section */
		82656BFD1C5D7CD300B12605 = {
			isa = PBXGroup;
			children = (
				8284B8701C5D996600DCA650 /* Framworks */,
				8284B84B1C5D98DC00DCA650 /* parse-library-1 */,
				82656C081C5D7CD300B12605 /* WaterSavingHackathon */,
				82656C201C5D7CD400B12605 /* WaterSavingHackathonTests */,
				82656C2B1C5D7CD400B12605 /* WaterSavingHackathonUITests */,
				82656C071C5D7CD300B12605 /* Products */,
			);
			sourceTree = "<group>";
		};
		82656C071C5D7CD300B12605 /* Products */ = {
			isa = PBXGroup;
			children = (
				82656C061C5D7CD300B12605 /* WaterSavingHackathon.app */,
				82656C1D1C5D7CD400B12605 /* WaterSavingHackathonTests.xctest */,
				82656C281C5D7CD400B12605 /* WaterSavingHackathonUITests.xctest */,
			);
			name = Products;
			sourceTree = "<group>";
		};
		82656C081C5D7CD300B12605 /* WaterSavingHackathon */ = {
			isa = PBXGroup;
			children = (
				82656C091C5D7CD300B12605 /* AppDelegate.swift */,
				82656C0B1C5D7CD300B12605 /* ViewController.swift */,
				82656C0D1C5D7CD300B12605 /* Main.storyboard */,
				82656C131C5D7CD400B12605 /* Assets.xcassets */,
				82656C151C5D7CD400B12605 /* LaunchScreen.storyboard */,
				82656C181C5D7CD400B12605 /* Info.plist */,
				82656C101C5D7CD400B12605 /* WaterSavingHackathon.xcdatamodeld */,
			);
			path = WaterSavingHackathon;
			sourceTree = "<group>";
		};
		82656C201C5D7CD400B12605 /* WaterSavingHackathonTests */ = {
			isa = PBXGroup;
			children = (
				82656C211C5D7CD400B12605 /* WaterSavingHackathonTests.swift */,
				82656C231C5D7CD400B12605 /* Info.plist */,
			);
			path = WaterSavingHackathonTests;
			sourceTree = "<group>";
		};
		82656C2B1C5D7CD400B12605 /* WaterSavingHackathonUITests */ = {
			isa = PBXGroup;
			children = (
				82656C2C1C5D7CD400B12605 /* WaterSavingHackathonUITests.swift */,
				82656C2E1C5D7CD400B12605 /* Info.plist */,
			);
			path = WaterSavingHackathonUITests;
			sourceTree = "<group>";
		};
		8284B84B1C5D98DC00DCA650 /* parse-library-1 */ = {
			isa = PBXGroup;
			children = (
				8284B84C1C5D98DC00DCA650 /* Bolts.framework */,
				8284B84D1C5D98DC00DCA650 /* Parse.framework */,
				8284B84E1C5D98DC00DCA650 /* ParseFacebookUtils.framework */,
				8284B84F1C5D98DC00DCA650 /* ParseFacebookUtilsV4.framework */,
				8284B8501C5D98DC00DCA650 /* ParseTwitterUtils.framework */,
				8284B8511C5D98DC00DCA650 /* ParseUI.framework */,
			);
			path = "parse-library-1";
			sourceTree = "<group>";
		};
		8284B8701C5D996600DCA650 /* Framworks */ = {
			isa = PBXGroup;
			children = (
				8284B86E1C5D995500DCA650 /* libsqlite3.tbd */,
				8284B86C1C5D994E00DCA650 /* libz.tbd */,
				8284B86A1C5D994700DCA650 /* SystemConfiguration.framework */,
				8284B8681C5D993F00DCA650 /* StoreKit.framework */,
				8284B8661C5D993A00DCA650 /* Social.framework */,
				8284B8641C5D993300DCA650 /* Security.framework */,
				8284B8621C5D992D00DCA650 /* QuartzCore.framework */,
				8284B8601C5D992700DCA650 /* CoreLocation.framework */,
				8284B85E1C5D992000DCA650 /* CoreGraphics.framework */,
				8284B85C1C5D991A00DCA650 /* CFNetwork.framework */,
				8284B85A1C5D991300DCA650 /* AudioToolbox.framework */,
				8284B8581C5D990C00DCA650 /* Accounts.framework */,
			);
			name = Framworks;
			sourceTree = "<group>";
		};
/* End PBXGroup section */

/* Begin PBXNativeTarget section */
		82656C051C5D7CD300B12605 /* WaterSavingHackathon */ = {
			isa = PBXNativeTarget;
			buildConfigurationList = 82656C311C5D7CD400B12605 /* Build configuration list for PBXNativeTarget "WaterSavingHackathon" */;
			buildPhases = (
				82656C021C5D7CD300B12605 /* Sources */,
				82656C031C5D7CD300B12605 /* Frameworks */,
				82656C041C5D7CD300B12605 /* Resources */,
			);
			buildRules = (
			);
			dependencies = (
			);
			name = WaterSavingHackathon;
			productName = WaterSavingHackathon;
			productReference = 82656C061C5D7CD300B12605 /* WaterSavingHackathon.app */;
			productType = "com.apple.product-type.application";
		};
		82656C1C1C5D7CD400B12605 /* WaterSavingHackathonTests */ = {
			isa = PBXNativeTarget;
			buildConfigurationList = 82656C341C5D7CD400B12605 /* Build configuration list for PBXNativeTarget "WaterSavingHackathonTests" */;
			buildPhases = (
				82656C191C5D7CD400B12605 /* Sources */,
				82656C1A1C5D7CD400B12605 /* Frameworks */,
				82656C1B1C5D7CD400B12605 /* Resources */,
			);
			buildRules = (
			);
			dependencies = (
				82656C1F1C5D7CD400B12605 /* PBXTargetDependency */,
			);
			name = WaterSavingHackathonTests;
			productName = WaterSavingHackathonTests;
			productReference = 82656C1D1C5D7CD400B12605 /* WaterSavingHackathonTests.xctest */;
			productType = "com.apple.product-type.bundle.unit-test";
		};
		82656C271C5D7CD400B12605 /* WaterSavingHackathonUITests */ = {
			isa = PBXNativeTarget;
			buildConfigurationList = 82656C371C5D7CD400B12605 /* Build configuration list for PBXNativeTarget "WaterSavingHackathonUITests" */;
			buildPhases = (
				82656C241C5D7CD400B12605 /* Sources */,
				82656C251C5D7CD400B12605 /* Frameworks */,
				82656C261C5D7CD400B12605 /* Resources */,
			);
			buildRules = (
			);
			dependencies = (
				82656C2A1C5D7CD400B12605 /* PBXTargetDependency */,
			);
			name = WaterSavingHackathonUITests;
			productName = WaterSavingHackathonUITests;
			productReference = 82656C281C5D7CD400B12605 /* WaterSavingHackathonUITests.xctest */;
			productType = "com.apple.product-type.bundle.ui-testing";
		};
/* End PBXNativeTarget section */

/* Begin PBXProject section */
		82656BFE1C5D7CD300B12605 /* Project object */ = {
			isa = PBXProject;
			attributes = {
				LastSwiftUpdateCheck = 0730;
				LastUpgradeCheck = 0730;
				ORGANIZATIONNAME = "Sam Showalter";
				TargetAttributes = {
					82656C051C5D7CD300B12605 = {
						CreatedOnToolsVersion = 7.3;
						DevelopmentTeam = 25Y72JH26L;
					};
					82656C1C1C5D7CD400B12605 = {
						CreatedOnToolsVersion = 7.3;
						TestTargetID = 82656C051C5D7CD300B12605;
					};
					82656C271C5D7CD400B12605 = {
						CreatedOnToolsVersion = 7.3;
						TestTargetID = 82656C051C5D7CD300B12605;
					};
				};
			};
			buildConfigurationList = 82656C011C5D7CD300B12605 /* Build configuration list for PBXProject "WaterSavingHackathon" */;
			compatibilityVersion = "Xcode 3.2";
			developmentRegion = English;
			hasScannedForEncodings = 0;
			knownRegions = (
				en,
				Base,
			);
			mainGroup = 82656BFD1C5D7CD300B12605;
			productRefGroup = 82656C071C5D7CD300B12605 /* Products */;
			projectDirPath = "";
			projectRoot = "";
			targets = (
				82656C051C5D7CD300B12605 /* WaterSavingHackathon */,
				82656C1C1C5D7CD400B12605 /* WaterSavingHackathonTests */,
				82656C271C5D7CD400B12605 /* WaterSavingHackathonUITests */,
			);
		};
/* End PBXProject section */

/* Begin PBXResourcesBuildPhase section */
		82656C041C5D7CD300B12605 /* Resources */ = {
			isa = PBXResourcesBuildPhase;
			buildActionMask = 2147483647;
			files = (
				82656C171C5D7CD400B12605 /* LaunchScreen.storyboard in Resources */,
				82656C141C5D7CD400B12605 /* Assets.xcassets in Resources */,
				82656C0F1C5D7CD300B12605 /* Main.storyboard in Resources */,
			);
			runOnlyForDeploymentPostprocessing = 0;
		};
		82656C1B1C5D7CD400B12605 /* Resources */ = {
			isa = PBXResourcesBuildPhase;
			buildActionMask = 2147483647;
			files = (
			);
			runOnlyForDeploymentPostprocessing = 0;
		};
		82656C261C5D7CD400B12605 /* Resources */ = {
			isa = PBXResourcesBuildPhase;
			buildActionMask = 2147483647;
			files = (
			);
			runOnlyForDeploymentPostprocessing = 0;
		};
/* End PBXResourcesBuildPhase section */

/* Begin PBXSourcesBuildPhase section */
		82656C021C5D7CD300B12605 /* Sources */ = {
			isa = PBXSourcesBuildPhase;
			buildActionMask = 2147483647;
			files = (
				82656C0C1C5D7CD300B12605 /* ViewController.swift in Sources */,
				82656C121C5D7CD400B12605 /* WaterSavingHackathon.xcdatamodeld in Sources */,
				82656C0A1C5D7CD300B12605 /* AppDelegate.swift in Sources */,
			);
			runOnlyForDeploymentPostprocessing = 0;
		};
		82656C191C5D7CD400B12605 /* Sources */ = {
			isa = PBXSourcesBuildPhase;
			buildActionMask = 2147483647;
			files = (
				82656C221C5D7CD400B12605 /* WaterSavingHackathonTests.swift in Sources */,
			);
			runOnlyForDeploymentPostprocessing = 0;
		};
		82656C241C5D7CD400B12605 /* Sources */ = {
			isa = PBXSourcesBuildPhase;
			buildActionMask = 2147483647;
			files = (
				82656C2D1C5D7CD400B12605 /* WaterSavingHackathonUITests.swift in Sources */,
			);
			runOnlyForDeploymentPostprocessing = 0;
		};
/* End PBXSourcesBuildPhase section */

/* Begin PBXTargetDependency section */
		82656C1F1C5D7CD400B12605 /* PBXTargetDependency */ = {
			isa = PBXTargetDependency;
			target = 82656C051C5D7CD300B12605 /* WaterSavingHackathon */;
			targetProxy = 82656C1E1C5D7CD400B12605 /* PBXContainerItemProxy */;
		};
		82656C2A1C5D7CD400B12605 /* PBXTargetDependency */ = {
			isa = PBXTargetDependency;
			target = 82656C051C5D7CD300B12605 /* WaterSavingHackathon */;
			targetProxy = 82656C291C5D7CD400B12605 /* PBXContainerItemProxy */;
		};
/* End PBXTargetDependency section */

/* Begin PBXVariantGroup section */
		82656C0D1C5D7CD300B12605 /* Main.storyboard */ = {
			isa = PBXVariantGroup;
			children = (
				82656C0E1C5D7CD300B12605 /* Base */,
			);
			name = Main.storyboard;
			sourceTree = "<group>";
		};
		82656C151C5D7CD400B12605 /* LaunchScreen.storyboard */ = {
			isa = PBXVariantGroup;
			children = (
				82656C161C5D7CD400B12605 /* Base */,
			);
			name = LaunchScreen.storyboard;
			sourceTree = "<group>";
		};
/* End PBXVariantGroup section */

/* Begin XCBuildConfiguration section */
		82656C2F1C5D7CD400B12605 /* Debug */ = {
			isa = XCBuildConfiguration;
			buildSettings = {
				ALWAYS_SEARCH_USER_PATHS = NO;
				CLANG_CXX_LANGUAGE_STANDARD = "gnu++0x";
				CLANG_CXX_LIBRARY = "libc++";
				CLANG_ENABLE_MODULES = YES;
				CLANG_ENABLE_OBJC_ARC = YES;
				CLANG_WARN_BOOL_CONVERSION = YES;
				CLANG_WARN_CONSTANT_CONVERSION = YES;
				CLANG_WARN_DIRECT_OBJC_ISA_USAGE = YES_ERROR;
				CLANG_WARN_EMPTY_BODY = YES;
				CLANG_WARN_ENUM_CONVERSION = YES;
				CLANG_WARN_INT_CONVERSION = YES;
				CLANG_WARN_OBJC_ROOT_CLASS = YES_ERROR;
				CLANG_WARN_UNREACHABLE_CODE = YES;
				CLANG_WARN__DUPLICATE_METHOD_MATCH = YES;
				"CODE_SIGN_IDENTITY[sdk=iphoneos*]" = "iPhone Developer";
				COPY_PHASE_STRIP = NO;
				DEBUG_INFORMATION_FORMAT = dwarf;
				ENABLE_STRICT_OBJC_MSGSEND = YES;
				ENABLE_TESTABILITY = YES;
				GCC_C_LANGUAGE_STANDARD = gnu99;
				GCC_DYNAMIC_NO_PIC = NO;
				GCC_NO_COMMON_BLOCKS = YES;
				GCC_OPTIMIZATION_LEVEL = 0;
				GCC_PREPROCESSOR_DEFINITIONS = (
					"DEBUG=1",
					"$(inherited)",
				);
				GCC_WARN_64_TO_32_BIT_CONVERSION = YES;
				GCC_WARN_ABOUT_RETURN_TYPE = YES_ERROR;
				GCC_WARN_UNDECLARED_SELECTOR = YES;
				GCC_WARN_UNINITIALIZED_AUTOS = YES_AGGRESSIVE;
				GCC_WARN_UNUSED_FUNCTION = YES;
				GCC_WARN_UNUSED_VARIABLE = YES;
				IPHONEOS_DEPLOYMENT_TARGET = 9.3;
				MTL_ENABLE_DEBUG_INFO = YES;
				ONLY_ACTIVE_ARCH = YES;
				SDKROOT = iphoneos;
				SWIFT_OPTIMIZATION_LEVEL = "-Onone";
				TARGETED_DEVICE_FAMILY = "1,2";
			};
			name = Debug;
		};
		82656C301C5D7CD400B12605 /* Release */ = {
			isa = XCBuildConfiguration;
			buildSettings = {
				ALWAYS_SEARCH_USER_PATHS = NO;
				CLANG_CXX_LANGUAGE_STANDARD = "gnu++0x";
				CLANG_CXX_LIBRARY = "libc++";
				CLANG_ENABLE_MODULES = YES;
				CLANG_ENABLE_OBJC_ARC = YES;
				CLANG_WARN_BOOL_CONVERSION = YES;
				CLANG_WARN_CONSTANT_CONVERSION = YES;
				CLANG_WARN_DIRECT_OBJC_ISA_USAGE = YES_ERROR;
				CLANG_WARN_EMPTY_BODY = YES;
				CLANG_WARN_ENUM_CONVERSION = YES;
				CLANG_WARN_INT_CONVERSION = YES;
				CLANG_WARN_OBJC_ROOT_CLASS = YES_ERROR;
				CLANG_WARN_UNREACHABLE_CODE = YES;
				CLANG_WARN__DUPLICATE_METHOD_MATCH = YES;
				"CODE_SIGN_IDENTITY[sdk=iphoneos*]" = "iPhone Developer";
				COPY_PHASE_STRIP = NO;
				DEBUG_INFORMATION_FORMAT = "dwarf-with-dsym";
				ENABLE_NS_ASSERTIONS = NO;
				ENABLE_STRICT_OBJC_MSGSEND = YES;
				GCC_C_LANGUAGE_STANDARD = gnu99;
				GCC_NO_COMMON_BLOCKS = YES;
				GCC_WARN_64_TO_32_BIT_CONVERSION = YES;
				GCC_WARN_ABOUT_RETURN_TYPE = YES_ERROR;
				GCC_WARN_UNDECLARED_SELECTOR = YES;
				GCC_WARN_UNINITIALIZED_AUTOS = YES_AGGRESSIVE;
				GCC_WARN_UNUSED_FUNCTION = YES;
				GCC_WARN_UNUSED_VARIABLE = YES;
				IPHONEOS_DEPLOYMENT_TARGET = 9.3;
				MTL_ENABLE_DEBUG_INFO = NO;
				SDKROOT = iphoneos;
				TARGETED_DEVICE_FAMILY = "1,2";
				VALIDATE_PRODUCT = YES;
			};
			name = Release;
		};
		82656C321C5D7CD400B12605 /* Debug */ = {
			isa = XCBuildConfiguration;
			buildSettings = {
				ASSETCATALOG_COMPILER_APPICON_NAME = AppIcon;
				CODE_SIGN_IDENTITY = "iPhone Developer";
				"CODE_SIGN_IDENTITY[sdk=iphoneos*]" = "iPhone Developer";
				FRAMEWORK_SEARCH_PATHS = (
					"$(inherited)",
					"$(PROJECT_DIR)/parse-library-1",
				);
				INFOPLIST_FILE = WaterSavingHackathon/Info.plist;
				LD_RUNPATH_SEARCH_PATHS = "$(inherited) @executable_path/Frameworks";
				PRODUCT_BUNDLE_IDENTIFIER = "sam-showalter.WaterSavingHackathon";
				PRODUCT_NAME = "$(TARGET_NAME)";
				PROVISIONING_PROFILE = "";
				TARGETED_DEVICE_FAMILY = 1;
			};
			name = Debug;
		};
		82656C331C5D7CD400B12605 /* Release */ = {
			isa = XCBuildConfiguration;
			buildSettings = {
				ASSETCATALOG_COMPILER_APPICON_NAME = AppIcon;
				CODE_SIGN_IDENTITY = "iPhone Developer";
				"CODE_SIGN_IDENTITY[sdk=iphoneos*]" = "iPhone Developer";
				FRAMEWORK_SEARCH_PATHS = (
					"$(inherited)",
					"$(PROJECT_DIR)/parse-library-1",
				);
				INFOPLIST_FILE = WaterSavingHackathon/Info.plist;
				LD_RUNPATH_SEARCH_PATHS = "$(inherited) @executable_path/Frameworks";
				PRODUCT_BUNDLE_IDENTIFIER = "sam-showalter.WaterSavingHackathon";
				PRODUCT_NAME = "$(TARGET_NAME)";
				PROVISIONING_PROFILE = "";
				TARGETED_DEVICE_FAMILY = 1;
			};
			name = Release;
		};
		82656C351C5D7CD400B12605 /* Debug */ = {
			isa = XCBuildConfiguration;
			buildSettings = {
				BUNDLE_LOADER = "$(TEST_HOST)";
				INFOPLIST_FILE = WaterSavingHackathonTests/Info.plist;
				LD_RUNPATH_SEARCH_PATHS = "$(inherited) @executable_path/Frameworks @loader_path/Frameworks";
				PRODUCT_BUNDLE_IDENTIFIER = "sam-showalter.WaterSavingHackathonTests";
				PRODUCT_NAME = "$(TARGET_NAME)";
				TEST_HOST = "$(BUILT_PRODUCTS_DIR)/WaterSavingHackathon.app/WaterSavingHackathon";
			};
			name = Debug;
		};
		82656C361C5D7CD400B12605 /* Release */ = {
			isa = XCBuildConfiguration;
			buildSettings = {
				BUNDLE_LOADER = "$(TEST_HOST)";
				INFOPLIST_FILE = WaterSavingHackathonTests/Info.plist;
				LD_RUNPATH_SEARCH_PATHS = "$(inherited) @executable_path/Frameworks @loader_path/Frameworks";
				PRODUCT_BUNDLE_IDENTIFIER = "sam-showalter.WaterSavingHackathonTests";
				PRODUCT_NAME = "$(TARGET_NAME)";
				TEST_HOST = "$(BUILT_PRODUCTS_DIR)/WaterSavingHackathon.app/WaterSavingHackathon";
			};
			name = Release;
		};
		82656C381C5D7CD400B12605 /* Debug */ = {
			isa = XCBuildConfiguration;
			buildSettings = {
				INFOPLIST_FILE = WaterSavingHackathonUITests/Info.plist;
				LD_RUNPATH_SEARCH_PATHS = "$(inherited) @executable_path/Frameworks @loader_path/Frameworks";
				PRODUCT_BUNDLE_IDENTIFIER = "sam-showalter.WaterSavingHackathonUITests";
				PRODUCT_NAME = "$(TARGET_NAME)";
				TEST_TARGET_NAME = WaterSavingHackathon;
			};
			name = Debug;
		};
		82656C391C5D7CD400B12605 /* Release */ = {
			isa = XCBuildConfiguration;
			buildSettings = {
				INFOPLIST_FILE = WaterSavingHackathonUITests/Info.plist;
				LD_RUNPATH_SEARCH_PATHS = "$(inherited) @executable_path/Frameworks @loader_path/Frameworks";
				PRODUCT_BUNDLE_IDENTIFIER = "sam-showalter.WaterSavingHackathonUITests";
				PRODUCT_NAME = "$(TARGET_NAME)";
				TEST_TARGET_NAME = WaterSavingHackathon;
			};
			name = Release;
		};
/* End XCBuildConfiguration section */

/* Begin XCConfigurationList section */
		82656C011C5D7CD300B12605 /* Build configuration list for PBXProject "WaterSavingHackathon" */ = {
			isa = XCConfigurationList;
			buildConfigurations = (
				82656C2F1C5D7CD400B12605 /* Debug */,
				82656C301C5D7CD400B12605 /* Release */,
			);
			defaultConfigurationIsVisible = 0;
			defaultConfigurationName = Release;
		};
		82656C311C5D7CD400B12605 /* Build configuration list for PBXNativeTarget "WaterSavingHackathon" */ = {
			isa = XCConfigurationList;
			buildConfigurations = (
				82656C321C5D7CD400B12605 /* Debug */,
				82656C331C5D7CD400B12605 /* Release */,
			);
			defaultConfigurationIsVisible = 0;
			defaultConfigurationName = Release;
		};
		82656C341C5D7CD400B12605 /* Build configuration list for PBXNativeTarget "WaterSavingHackathonTests" */ = {
			isa = XCConfigurationList;
			buildConfigurations = (
				82656C351C5D7CD400B12605 /* Debug */,
				82656C361C5D7CD400B12605 /* Release */,
			);
			defaultConfigurationIsVisible = 0;
			defaultConfigurationName = Release;
		};
		82656C371C5D7CD400B12605 /* Build configuration list for PBXNativeTarget "WaterSavingHackathonUITests" */ = {
			isa = XCConfigurationList;
			buildConfigurations = (
				82656C381C5D7CD400B12605 /* Debug */,
				82656C391C5D7CD400B12605 /* Release */,
			);
			defaultConfigurationIsVisible = 0;
			defaultConfigurationName = Release;
		};
/* End XCConfigurationList section */

/* Begin XCVersionGroup section */
		82656C101C5D7CD400B12605 /* WaterSavingHackathon.xcdatamodeld */ = {
			isa = XCVersionGroup;
			children = (
				82656C111C5D7CD400B12605 /* WaterSavingHackathon.xcdatamodel */,
			);
			currentVersion = 82656C111C5D7CD400B12605 /* WaterSavingHackathon.xcdatamodel */;
			path = WaterSavingHackathon.xcdatamodeld;
			sourceTree = "<group>";
			versionGroupType = wrapper.xcdatamodel;
		};
/* End XCVersionGroup section */
	};
	rootObject = 82656BFE1C5D7CD300B12605 /* Project object */;
}
